
Microsoft Visual Studio Solution File, Format Version 12.00
# Visual Studio 2012
Project("{FAE04EC0-301F-11D3-BF4B-00C04F79EFBC}") = "mobnation", "mobnation\mobnation.csproj", "{5BDA6DBE-F3B4-4B94-A502-FB0DF38F588B}"
EndProject
Project("{FAE04EC0-301F-11D3-BF4B-00C04F79EFBC}") = "mobnation.Tests", "mobnation.Tests\mobnation.Tests.csproj", "{0E4761E7-F297-4B89-9257-0F139F8D4D92}"
EndProject
Project("{FAE04EC0-301F-11D3-BF4B-00C04F79EFBC}") = "EmailService", "EmailService\EmailService.csproj", "{2250C7C3-1CD1-4133-82E2-17049B5DDBC6}"
EndProject
Project("{FAE04EC0-301F-11D3-BF4B-00C04F79EFBC}") = "MobnationEntities", "EmailEntities\MobnationEntities.csproj", "{A691EB31-60AA-4031-BD5F-3D50BAEF7F54}"
EndProject
Global
	GlobalSection(SolutionConfigurationPlatforms) = preSolution
		Debug|Any CPU = Debug|Any CPU
		Release|Any CPU = Release|Any CPU
	EndGlobalSection
	GlobalSection(ProjectConfigurationPlatforms) = postSolution
		{5BDA6DBE-F3B4-4B94-A502-FB0DF38F588B}.Debug|Any CPU.ActiveCfg = Debug|Any CPU
		{5BDA6DBE-F3B4-4B94-A502-FB0DF38F588B}.Debug|Any CPU.Build.0 = Debug|Any CPU
		{5BDA6DBE-F3B4-4B94-A502-FB0DF38F588B}.Release|Any CPU.ActiveCfg = Release|Any CPU
		{5BDA6DBE-F3B4-4B94-A502-FB0DF38F588B}.Release|Any CPU.Build.0 = Release|Any CPU
		{0E4761E7-F297-4B89-9257-0F139F8D4D92}.Debug|Any CPU.ActiveCfg = Debug|Any CPU
		{0E4761E7-F297-4B89-9257-0F139F8D4D92}.Debug|Any CPU.Build.0 = Debug|Any CPU
		{0E4761E7-F297-4B89-9257-0F139F8D4D92}.Release|Any CPU.ActiveCfg = Release|Any CPU
		{0E4761E7-F297-4B89-9257-0F139F8D4D92}.Release|Any CPU.Build.0 = Release|Any CPU
		{2250C7C3-1CD1-4133-82E2-17049B5DDBC6}.Debug|Any CPU.ActiveCfg = Debug|Any CPU
		{2250C7C3-1CD1-4133-82E2-17049B5DDBC6}.Debug|Any CPU.Build.0 = Debug|Any CPU
		{2250C7C3-1CD1-4133-82E2-17049B5DDBC6}.Release|Any CPU.ActiveCfg = Release|Any CPU
		{2250C7C3-1CD1-4133-82E2-17049B5DDBC6}.Release|Any CPU.Build.0 = Release|Any CPU
		{A691EB31-60AA-4031-BD5F-3D50BAEF7F54}.Debug|Any CPU.ActiveCfg = Debug|Any CPU
		{A691EB31-60AA-4031-BD5F-3D50BAEF7F54}.Debug|Any CPU.Build.0 = Debug|Any CPU
		{A691EB31-60AA-4031-BD5F-3D50BAEF7F54}.Release|Any CPU.ActiveCfg = Release|Any CPU
		{A691EB31-60AA-4031-BD5F-3D50BAEF7F54}.Release|Any CPU.Build.0 = Release|Any CPU
	EndGlobalSection
	GlobalSection(SolutionProperties) = preSolution
		HideSolutionNode = FALSE
	EndGlobalSection
EndGlobal
